// !$*UTF8*$!
{
	archiveVersion = 1;
	classes = {
	};
	objectVersion = 50;
	objects = {

/* Begin PBXBuildFile section */
		047199D524C846FC009F5451 /* AppDelegate.swift in Sources */ = {isa = PBXBuildFile; fileRef = 047199D424C846FC009F5451 /* AppDelegate.swift */; };
		047199D724C846FC009F5451 /* SceneDelegate.swift in Sources */ = {isa = PBXBuildFile; fileRef = 047199D624C846FC009F5451 /* SceneDelegate.swift */; };
		047199D924C846FC009F5451 /* ContentView.swift in Sources */ = {isa = PBXBuildFile; fileRef = 047199D824C846FC009F5451 /* ContentView.swift */; };
		047199DB24C846FE009F5451 /* Assets.xcassets in Resources */ = {isa = PBXBuildFile; fileRef = 047199DA24C846FE009F5451 /* Assets.xcassets */; };
		047199DE24C846FE009F5451 /* Preview Assets.xcassets in Resources */ = {isa = PBXBuildFile; fileRef = 047199DD24C846FE009F5451 /* Preview Assets.xcassets */; };
		047199E124C846FE009F5451 /* LaunchScreen.storyboard in Resources */ = {isa = PBXBuildFile; fileRef = 047199DF24C846FE009F5451 /* LaunchScreen.storyboard */; };
		047199ED24C858C4009F5451 /* MapView.swift in Sources */ = {isa = PBXBuildFile; fileRef = 047199EC24C858C4009F5451 /* MapView.swift */; };
		047199EF24C85B74009F5451 /* CircleImage.swift in Sources */ = {isa = PBXBuildFile; fileRef = 047199EE24C85B74009F5451 /* CircleImage.swift */; };
		047199F124C85D4C009F5451 /* TextView.swift in Sources */ = {isa = PBXBuildFile; fileRef = 047199F024C85D4C009F5451 /* TextView.swift */; };
		047199F524C85EEF009F5451 /* Landmark.swift in Sources */ = {isa = PBXBuildFile; fileRef = 047199F424C85EEF009F5451 /* Landmark.swift */; };
		04719A1224C860F8009F5451 /* Data.swift in Sources */ = {isa = PBXBuildFile; fileRef = 04719A1124C860F8009F5451 /* Data.swift */; };
		04719A1424C861B6009F5451 /* LandmarkRow.swift in Sources */ = {isa = PBXBuildFile; fileRef = 04719A1324C861B6009F5451 /* LandmarkRow.swift */; };
		04719A1624C8634E009F5451 /* LandmarkList.swift in Sources */ = {isa = PBXBuildFile; fileRef = 04719A1524C8634E009F5451 /* LandmarkList.swift */; };
		048B841B24C981DE0053573F /* UserData.swift in Sources */ = {isa = PBXBuildFile; fileRef = 048B841A24C981DE0053573F /* UserData.swift */; };
		048B842A24C98E490053573F /* hiddenlake.jpg in Resources */ = {isa = PBXBuildFile; fileRef = 048B841C24C98E480053573F /* hiddenlake.jpg */; };
		048B842B24C98E490053573F /* chilkoottrail.jpg in Resources */ = {isa = PBXBuildFile; fileRef = 048B841D24C98E480053573F /* chilkoottrail.jpg */; };
		048B842C24C98E490053573F /* charleyrivers.jpg in Resources */ = {isa = PBXBuildFile; fileRef = 048B841E24C98E480053573F /* charleyrivers.jpg */; };
		048B842D24C98E490053573F /* chincoteague.jpg in Resources */ = {isa = PBXBuildFile; fileRef = 048B841F24C98E480053573F /* chincoteague.jpg */; };
		048B842E24C98E490053573F /* turtlerock.jpg in Resources */ = {isa = PBXBuildFile; fileRef = 048B842024C98E480053573F /* turtlerock.jpg */; };
		048B842F24C98E490053573F /* yukon_charleyrivers.jpg in Resources */ = {isa = PBXBuildFile; fileRef = 048B842124C98E480053573F /* yukon_charleyrivers.jpg */; };
		048B843024C98E490053573F /* lakemcdonald.jpg in Resources */ = {isa = PBXBuildFile; fileRef = 048B842224C98E480053573F /* lakemcdonald.jpg */; };
		048B843124C98E490053573F /* silversalmoncreek.jpg in Resources */ = {isa = PBXBuildFile; fileRef = 048B842324C98E480053573F /* silversalmoncreek.jpg */; };
		048B843224C98E490053573F /* twinlake.jpg in Resources */ = {isa = PBXBuildFile; fileRef = 048B842424C98E480053573F /* twinlake.jpg */; };
		048B843324C98E490053573F /* landmarkData.json in Resources */ = {isa = PBXBuildFile; fileRef = 048B842524C98E480053573F /* landmarkData.json */; };
		048B843424C98E490053573F /* stmarylake.jpg in Resources */ = {isa = PBXBuildFile; fileRef = 048B842624C98E490053573F /* stmarylake.jpg */; };
		048B843524C98E490053573F /* icybay.jpg in Resources */ = {isa = PBXBuildFile; fileRef = 048B842724C98E490053573F /* icybay.jpg */; };
		048B843624C98E490053573F /* rainbowlake.jpg in Resources */ = {isa = PBXBuildFile; fileRef = 048B842824C98E490053573F /* rainbowlake.jpg */; };
		048B843724C98E490053573F /* umbagog.jpg in Resources */ = {isa = PBXBuildFile; fileRef = 048B842924C98E490053573F /* umbagog.jpg */; };
/* End PBXBuildFile section */

/* Begin PBXFileReference section */
		047199D124C846FC009F5451 /* SwiftUI_test_app.app */ = {isa = PBXFileReference; explicitFileType = wrapper.application; includeInIndex = 0; path = SwiftUI_test_app.app; sourceTree = BUILT_PRODUCTS_DIR; };
		047199D424C846FC009F5451 /* AppDelegate.swift */ = {isa = PBXFileReference; lastKnownFileType = sourcecode.swift; path = AppDelegate.swift; sourceTree = "<group>"; };
		047199D624C846FC009F5451 /* SceneDelegate.swift */ = {isa = PBXFileReference; lastKnownFileType = sourcecode.swift; path = SceneDelegate.swift; sourceTree = "<group>"; };
		047199D824C846FC009F5451 /* ContentView.swift */ = {isa = PBXFileReference; lastKnownFileType = sourcecode.swift; path = ContentView.swift; sourceTree = "<group>"; };
		047199DA24C846FE009F5451 /* Assets.xcassets */ = {isa = PBXFileReference; lastKnownFileType = folder.assetcatalog; path = Assets.xcassets; sourceTree = "<group>"; };
		047199DD24C846FE009F5451 /* Preview Assets.xcassets */ = {isa = PBXFileReference; lastKnownFileType = folder.assetcatalog; path = "Preview Assets.xcassets"; sourceTree = "<group>"; };
		047199E024C846FE009F5451 /* Base */ = {isa = PBXFileReference; lastKnownFileType = file.storyboard; name = Base; path = Base.lproj/LaunchScreen.storyboard; sourceTree = "<group>"; };
		047199E224C846FE009F5451 /* Info.plist */ = {isa = PBXFileReference; lastKnownFileType = text.plist.xml; path = Info.plist; sourceTree = "<group>"; };
		047199EC24C858C4009F5451 /* MapView.swift */ = {isa = PBXFileReference; lastKnownFileType = sourcecode.swift; path = MapView.swift; sourceTree = "<group>"; };
		047199EE24C85B74009F5451 /* CircleImage.swift */ = {isa = PBXFileReference; lastKnownFileType = sourcecode.swift; path = CircleImage.swift; sourceTree = "<group>"; };
		047199F024C85D4C009F5451 /* TextView.swift */ = {isa = PBXFileReference; lastKnownFileType = sourcecode.swift; path = TextView.swift; sourceTree = "<group>"; };
		047199F424C85EEF009F5451 /* Landmark.swift */ = {isa = PBXFileReference; lastKnownFileType = sourcecode.swift; path = Landmark.swift; sourceTree = "<group>"; };
		04719A1124C860F8009F5451 /* Data.swift */ = {isa = PBXFileReference; lastKnownFileType = sourcecode.swift; path = Data.swift; sourceTree = "<group>"; };
		04719A1324C861B6009F5451 /* LandmarkRow.swift */ = {isa = PBXFileReference; lastKnownFileType = sourcecode.swift; path = LandmarkRow.swift; sourceTree = "<group>"; };
		04719A1524C8634E009F5451 /* LandmarkList.swift */ = {isa = PBXFileReference; lastKnownFileType = sourcecode.swift; path = LandmarkList.swift; sourceTree = "<group>"; };
		048B841A24C981DE0053573F /* UserData.swift */ = {isa = PBXFileReference; lastKnownFileType = sourcecode.swift; path = UserData.swift; sourceTree = "<group>"; };
		048B841C24C98E480053573F /* hiddenlake.jpg */ = {isa = PBXFileReference; lastKnownFileType = image.jpeg; path = hiddenlake.jpg; sourceTree = "<group>"; };
		048B841D24C98E480053573F /* chilkoottrail.jpg */ = {isa = PBXFileReference; lastKnownFileType = image.jpeg; path = chilkoottrail.jpg; sourceTree = "<group>"; };
		048B841E24C98E480053573F /* charleyrivers.jpg */ = {isa = PBXFileReference; lastKnownFileType = image.jpeg; path = charleyrivers.jpg; sourceTree = "<group>"; };
		048B841F24C98E480053573F /* chincoteague.jpg */ = {isa = PBXFileReference; lastKnownFileType = image.jpeg; path = chincoteague.jpg; sourceTree = "<group>"; };
		048B842024C98E480053573F /* turtlerock.jpg */ = {isa = PBXFileReference; lastKnownFileType = image.jpeg; path = turtlerock.jpg; sourceTree = "<group>"; };
		048B842124C98E480053573F /* yukon_charleyrivers.jpg */ = {isa = PBXFileReference; lastKnownFileType = image.jpeg; path = yukon_charleyrivers.jpg; sourceTree = "<group>"; };
		048B842224C98E480053573F /* lakemcdonald.jpg */ = {isa = PBXFileReference; lastKnownFileType = image.jpeg; path = lakemcdonald.jpg; sourceTree = "<group>"; };
		048B842324C98E480053573F /* silversalmoncreek.jpg */ = {isa = PBXFileReference; lastKnownFileType = image.jpeg; path = silversalmoncreek.jpg; sourceTree = "<group>"; };
		048B842424C98E480053573F /* twinlake.jpg */ = {isa = PBXFileReference; lastKnownFileType = image.jpeg; path = twinlake.jpg; sourceTree = "<group>"; };
		048B842524C98E480053573F /* landmarkData.json */ = {isa = PBXFileReference; fileEncoding = 4; lastKnownFileType = text.json; path = landmarkData.json; sourceTree = "<group>"; };
		048B842624C98E490053573F /* stmarylake.jpg */ = {isa = PBXFileReference; lastKnownFileType = image.jpeg; path = stmarylake.jpg; sourceTree = "<group>"; };
		048B842724C98E490053573F /* icybay.jpg */ = {isa = PBXFileReference; lastKnownFileType = image.jpeg; path = icybay.jpg; sourceTree = "<group>"; };
		048B842824C98E490053573F /* rainbowlake.jpg */ = {isa = PBXFileReference; lastKnownFileType = image.jpeg; path = rainbowlake.jpg; sourceTree = "<group>"; };
		048B842924C98E490053573F /* umbagog.jpg */ = {isa = PBXFileReference; lastKnownFileType = image.jpeg; path = umbagog.jpg; sourceTree = "<group>"; };
/* End PBXFileReference section */

/* Begin PBXFrameworksBuildPhase section */
		047199CE24C846FC009F5451 /* Frameworks */ = {
			isa = PBXFrameworksBuildPhase;
			buildActionMask = 2147483647;
			files = (
			);
			runOnlyForDeploymentPostprocessing = 0;
		};
/* End PBXFrameworksBuildPhase section */

/* Begin PBXGroup section */
		040499F624C9720700D21A0D /* Supporting Views */ = {
			isa = PBXGroup;
			children = (
			);
			path = "Supporting Views";
			sourceTree = "<group>";
		};
		047199C824C846FB009F5451 = {
			isa = PBXGroup;
			children = (
				047199D324C846FC009F5451 /* SwiftUI_test_app */,
				047199D224C846FC009F5451 /* Products */,
			);
			sourceTree = "<group>";
		};
		047199D224C846FC009F5451 /* Products */ = {
			isa = PBXGroup;
			children = (
				047199D124C846FC009F5451 /* SwiftUI_test_app.app */,
			);
			name = Products;
			sourceTree = "<group>";
		};
		047199D324C846FC009F5451 /* SwiftUI_test_app */ = {
			isa = PBXGroup;
			children = (
				047199F624C85F70009F5451 /* Resources */,
				047199F324C85ECF009F5451 /* Models */,
				040499F624C9720700D21A0D /* Supporting Views */,
				047199D424C846FC009F5451 /* AppDelegate.swift */,
				047199F024C85D4C009F5451 /* TextView.swift */,
				047199EC24C858C4009F5451 /* MapView.swift */,
				047199EE24C85B74009F5451 /* CircleImage.swift */,
				04719A1324C861B6009F5451 /* LandmarkRow.swift */,
				047199D624C846FC009F5451 /* SceneDelegate.swift */,
				047199D824C846FC009F5451 /* ContentView.swift */,
				04719A1524C8634E009F5451 /* LandmarkList.swift */,
				047199DA24C846FE009F5451 /* Assets.xcassets */,
				047199DF24C846FE009F5451 /* LaunchScreen.storyboard */,
				047199E224C846FE009F5451 /* Info.plist */,
				047199DC24C846FE009F5451 /* Preview Content */,
			);
			path = SwiftUI_test_app;
			sourceTree = "<group>";
		};
		047199DC24C846FE009F5451 /* Preview Content */ = {
			isa = PBXGroup;
			children = (
				047199DD24C846FE009F5451 /* Preview Assets.xcassets */,
			);
			path = "Preview Content";
			sourceTree = "<group>";
		};
		047199F324C85ECF009F5451 /* Models */ = {
			isa = PBXGroup;
			children = (
				047199F424C85EEF009F5451 /* Landmark.swift */,
				04719A1124C860F8009F5451 /* Data.swift */,
				048B841A24C981DE0053573F /* UserData.swift */,
			);
			path = Models;
			sourceTree = "<group>";
		};
		047199F624C85F70009F5451 /* Resources */ = {
			isa = PBXGroup;
			children = (
				048B841E24C98E480053573F /* charleyrivers.jpg */,
				048B841D24C98E480053573F /* chilkoottrail.jpg */,
				048B841F24C98E480053573F /* chincoteague.jpg */,
				048B841C24C98E480053573F /* hiddenlake.jpg */,
				048B842724C98E490053573F /* icybay.jpg */,
				048B842224C98E480053573F /* lakemcdonald.jpg */,
				048B842524C98E480053573F /* landmarkData.json */,
				048B842824C98E490053573F /* rainbowlake.jpg */,
				048B842324C98E480053573F /* silversalmoncreek.jpg */,
				048B842624C98E490053573F /* stmarylake.jpg */,
				048B842024C98E480053573F /* turtlerock.jpg */,
				048B842424C98E480053573F /* twinlake.jpg */,
				048B842924C98E490053573F /* umbagog.jpg */,
				048B842124C98E480053573F /* yukon_charleyrivers.jpg */,
			);
			path = Resources;
			sourceTree = "<group>";
		};
/* End PBXGroup section */

/* Begin PBXNativeTarget section */
		047199D024C846FC009F5451 /* SwiftUI_test_app */ = {
			isa = PBXNativeTarget;
			buildConfigurationList = 047199E524C846FE009F5451 /* Build configuration list for PBXNativeTarget "SwiftUI_test_app" */;
			buildPhases = (
				047199CD24C846FC009F5451 /* Sources */,
				047199CE24C846FC009F5451 /* Frameworks */,
				047199CF24C846FC009F5451 /* Resources */,
			);
			buildRules = (
			);
			dependencies = (
			);
			name = SwiftUI_test_app;
			productName = SwiftUI_test_app;
			productReference = 047199D124C846FC009F5451 /* SwiftUI_test_app.app */;
			productType = "com.apple.product-type.application";
		};
/* End PBXNativeTarget section */

/* Begin PBXProject section */
		047199C924C846FB009F5451 /* Project object */ = {
			isa = PBXProject;
			attributes = {
				LastSwiftUpdateCheck = 1110;
				LastUpgradeCheck = 1110;
				ORGANIZATIONNAME = Madji;
				TargetAttributes = {
					047199D024C846FC009F5451 = {
						CreatedOnToolsVersion = 11.1;
					};
				};
			};
			buildConfigurationList = 047199CC24C846FB009F5451 /* Build configuration list for PBXProject "SwiftUI_test_app" */;
			compatibilityVersion = "Xcode 9.3";
			developmentRegion = en;
			hasScannedForEncodings = 0;
			knownRegions = (
				en,
				Base,
			);
			mainGroup = 047199C824C846FB009F5451;
			productRefGroup = 047199D224C846FC009F5451 /* Products */;
			projectDirPath = "";
			projectRoot = "";
			targets = (
				047199D024C846FC009F5451 /* SwiftUI_test_app */,
			);
		};
/* End PBXProject section */

/* Begin PBXResourcesBuildPhase section */
		047199CF24C846FC009F5451 /* Resources */ = {
			isa = PBXResourcesBuildPhase;
			buildActionMask = 2147483647;
			files = (
				047199E124C846FE009F5451 /* LaunchScreen.storyboard in Resources */,
				047199DE24C846FE009F5451 /* Preview Assets.xcassets in Resources */,
				048B842A24C98E490053573F /* hiddenlake.jpg in Resources */,
				048B842D24C98E490053573F /* chincoteague.jpg in Resources */,
				048B843324C98E490053573F /* landmarkData.json in Resources */,
				048B842F24C98E490053573F /* yukon_charleyrivers.jpg in Resources */,
				048B843424C98E490053573F /* stmarylake.jpg in Resources */,
				048B842E24C98E490053573F /* turtlerock.jpg in Resources */,
				048B843224C98E490053573F /* twinlake.jpg in Resources */,
				048B843724C98E490053573F /* umbagog.jpg in Resources */,
				048B843024C98E490053573F /* lakemcdonald.jpg in Resources */,
				048B842C24C98E490053573F /* charleyrivers.jpg in Resources */,
				048B843124C98E490053573F /* silversalmoncreek.jpg in Resources */,
				048B842B24C98E490053573F /* chilkoottrail.jpg in Resources */,
				048B843624C98E490053573F /* rainbowlake.jpg in Resources */,
				048B843524C98E490053573F /* icybay.jpg in Resources */,
				047199DB24C846FE009F5451 /* Assets.xcassets in Resources */,
			);
			runOnlyForDeploymentPostprocessing = 0;
		};
/* End PBXResourcesBuildPhase section */

/* Begin PBXSourcesBuildPhase section */
		047199CD24C846FC009F5451 /* Sources */ = {
			isa = PBXSourcesBuildPhase;
			buildActionMask = 2147483647;
			files = (
				047199F524C85EEF009F5451 /* Landmark.swift in Sources */,
				047199D524C846FC009F5451 /* AppDelegate.swift in Sources */,
				047199D724C846FC009F5451 /* SceneDelegate.swift in Sources */,
				047199ED24C858C4009F5451 /* MapView.swift in Sources */,
				047199F124C85D4C009F5451 /* TextView.swift in Sources */,
				048B841B24C981DE0053573F /* UserData.swift in Sources */,
				047199D924C846FC009F5451 /* ContentView.swift in Sources */,
				047199EF24C85B74009F5451 /* CircleImage.swift in Sources */,
				04719A1224C860F8009F5451 /* Data.swift in Sources */,
				04719A1424C861B6009F5451 /* LandmarkRow.swift in Sources */,
				04719A1624C8634E009F5451 /* LandmarkList.swift in Sources */,
			);
			runOnlyForDeploymentPostprocessing = 0;
		};
/* End PBXSourcesBuildPhase section */

/* Begin PBXVariantGroup section */
		047199DF24C846FE009F5451 /* LaunchScreen.storyboard */ = {
			isa = PBXVariantGroup;
			children = (
				047199E024C846FE009F5451 /* Base */,
			);
			name = LaunchScreen.storyboard;
			sourceTree = "<group>";
		};
/* End PBXVariantGroup section */

/* Begin XCBuildConfiguration section */
		047199E324C846FE009F5451 /* Debug */ = {
			isa = XCBuildConfiguration;
			buildSettings = {
				ALWAYS_SEARCH_USER_PATHS = NO;
				CLANG_ANALYZER_NONNULL = YES;
				CLANG_ANALYZER_NUMBER_OBJECT_CONVERSION = YES_AGGRESSIVE;
				CLANG_CXX_LANGUAGE_STANDARD = "gnu++14";
				CLANG_CXX_LIBRARY = "libc++";
				CLANG_ENABLE_MODULES = YES;
				CLANG_ENABLE_OBJC_ARC = YES;
				CLANG_ENABLE_OBJC_WEAK = YES;
				CLANG_WARN_BLOCK_CAPTURE_AUTORELEASING = YES;
				CLANG_WARN_BOOL_CONVERSION = YES;
				CLANG_WARN_COMMA = YES;
				CLANG_WARN_CONSTANT_CONVERSION = YES;
				CLANG_WARN_DEPRECATED_OBJC_IMPLEMENTATIONS = YES;
				CLANG_WARN_DIRECT_OBJC_ISA_USAGE = YES_ERROR;
				CLANG_WARN_DOCUMENTATION_COMMENTS = YES;
				CLANG_WARN_EMPTY_BODY = YES;
				CLANG_WARN_ENUM_CONVERSION = YES;
				CLANG_WARN_INFINITE_RECURSION = YES;
				CLANG_WARN_INT_CONVERSION = YES;
				CLANG_WARN_NON_LITERAL_NULL_CONVERSION = YES;
				CLANG_WARN_OBJC_IMPLICIT_RETAIN_SELF = YES;
				CLANG_WARN_OBJC_LITERAL_CONVERSION = YES;
				CLANG_WARN_OBJC_ROOT_CLASS = YES_ERROR;
				CLANG_WARN_RANGE_LOOP_ANALYSIS = YES;
				CLANG_WARN_STRICT_PROTOTYPES = YES;
				CLANG_WARN_SUSPICIOUS_MOVE = YES;
				CLANG_WARN_UNGUARDED_AVAILABILITY = YES_AGGRESSIVE;
				CLANG_WARN_UNREACHABLE_CODE = YES;
				CLANG_WARN__DUPLICATE_METHOD_MATCH = YES;
				COPY_PHASE_STRIP = NO;
				DEBUG_INFORMATION_FORMAT = dwarf;
				ENABLE_STRICT_OBJC_MSGSEND = YES;
				ENABLE_TESTABILITY = YES;
				GCC_C_LANGUAGE_STANDARD = gnu11;
				GCC_DYNAMIC_NO_PIC = NO;
				GCC_NO_COMMON_BLOCKS = YES;
				GCC_OPTIMIZATION_LEVEL = 0;
				GCC_PREPROCESSOR_DEFINITIONS = (
					"DEBUG=1",
					"$(inherited)",
				);
				GCC_WARN_64_TO_32_BIT_CONVERSION = YES;
				GCC_WARN_ABOUT_RETURN_TYPE = YES_ERROR;
				GCC_WARN_UNDECLARED_SELECTOR = YES;
				GCC_WARN_UNINITIALIZED_AUTOS = YES_AGGRESSIVE;
				GCC_WARN_UNUSED_FUNCTION = YES;
				GCC_WARN_UNUSED_VARIABLE = YES;
				IPHONEOS_DEPLOYMENT_TARGET = 13.1;
				MTL_ENABLE_DEBUG_INFO = INCLUDE_SOURCE;
				MTL_FAST_MATH = YES;
				ONLY_ACTIVE_ARCH = YES;
				SDKROOT = iphoneos;
				SWIFT_ACTIVE_COMPILATION_CONDITIONS = DEBUG;
				SWIFT_OPTIMIZATION_LEVEL = "-Onone";
			};
			name = Debug;
		};
		047199E424C846FE009F5451 /* Release */ = {
			isa = XCBuildConfiguration;
			buildSettings = {
				ALWAYS_SEARCH_USER_PATHS = NO;
				CLANG_ANALYZER_NONNULL = YES;
				CLANG_ANALYZER_NUMBER_OBJECT_CONVERSION = YES_AGGRESSIVE;
				CLANG_CXX_LANGUAGE_STANDARD = "gnu++14";
				CLANG_CXX_LIBRARY = "libc++";
				CLANG_ENABLE_MODULES = YES;
				CLANG_ENABLE_OBJC_ARC = YES;
				CLANG_ENABLE_OBJC_WEAK = YES;
				CLANG_WARN_BLOCK_CAPTURE_AUTORELEASING = YES;
				CLANG_WARN_BOOL_CONVERSION = YES;
				CLANG_WARN_COMMA = YES;
				CLANG_WARN_CONSTANT_CONVERSION = YES;
				CLANG_WARN_DEPRECATED_OBJC_IMPLEMENTATIONS = YES;
				CLANG_WARN_DIRECT_OBJC_ISA_USAGE = YES_ERROR;
				CLANG_WARN_DOCUMENTATION_COMMENTS = YES;
				CLANG_WARN_EMPTY_BODY = YES;
				CLANG_WARN_ENUM_CONVERSION = YES;
				CLANG_WARN_INFINITE_RECURSION = YES;
				CLANG_WARN_INT_CONVERSION = YES;
				CLANG_WARN_NON_LITERAL_NULL_CONVERSION = YES;
				CLANG_WARN_OBJC_IMPLICIT_RETAIN_SELF = YES;
				CLANG_WARN_OBJC_LITERAL_CONVERSION = YES;
				CLANG_WARN_OBJC_ROOT_CLASS = YES_ERROR;
				CLANG_WARN_RANGE_LOOP_ANALYSIS = YES;
				CLANG_WARN_STRICT_PROTOTYPES = YES;
				CLANG_WARN_SUSPICIOUS_MOVE = YES;
				CLANG_WARN_UNGUARDED_AVAILABILITY = YES_AGGRESSIVE;
				CLANG_WARN_UNREACHABLE_CODE = YES;
				CLANG_WARN__DUPLICATE_METHOD_MATCH = YES;
				COPY_PHASE_STRIP = NO;
				DEBUG_INFORMATION_FORMAT = "dwarf-with-dsym";
				ENABLE_NS_ASSERTIONS = NO;
				ENABLE_STRICT_OBJC_MSGSEND = YES;
				GCC_C_LANGUAGE_STANDARD = gnu11;
				GCC_NO_COMMON_BLOCKS = YES;
				GCC_WARN_64_TO_32_BIT_CONVERSION = YES;
				GCC_WARN_ABOUT_RETURN_TYPE = YES_ERROR;
				GCC_WARN_UNDECLARED_SELECTOR = YES;
				GCC_WARN_UNINITIALIZED_AUTOS = YES_AGGRESSIVE;
				GCC_WARN_UNUSED_FUNCTION = YES;
				GCC_WARN_UNUSED_VARIABLE = YES;
				IPHONEOS_DEPLOYMENT_TARGET = 13.1;
				MTL_ENABLE_DEBUG_INFO = NO;
				MTL_FAST_MATH = YES;
				SDKROOT = iphoneos;
				SWIFT_COMPILATION_MODE = wholemodule;
				SWIFT_OPTIMIZATION_LEVEL = "-O";
				VALIDATE_PRODUCT = YES;
			};
			name = Release;
		};
		047199E624C846FE009F5451 /* Debug */ = {
			isa = XCBuildConfiguration;
			buildSettings = {
				ASSETCATALOG_COMPILER_APPICON_NAME = AppIcon;
				CODE_SIGN_STYLE = Automatic;
				DEVELOPMENT_ASSET_PATHS = "\"SwiftUI_test_app/Preview Content\"";
				DEVELOPMENT_TEAM = EZZDW8SBPA;
				ENABLE_PREVIEWS = YES;
				INFOPLIST_FILE = SwiftUI_test_app/Info.plist;
				LD_RUNPATH_SEARCH_PATHS = (
					"$(inherited)",
					"@executable_path/Frameworks",
				);
				PRODUCT_BUNDLE_IDENTIFIER = "my.SwiftUI-test-app";
				PRODUCT_NAME = "$(TARGET_NAME)";
				SWIFT_VERSION = 5.0;
				TARGETED_DEVICE_FAMILY = "1,2";
			};
			name = Debug;
		};
		047199E724C846FE009F5451 /* Release */ = {
			isa = XCBuildConfiguration;
			buildSettings = {
				ASSETCATALOG_COMPILER_APPICON_NAME = AppIcon;
				CODE_SIGN_STYLE = Automatic;
				DEVELOPMENT_ASSET_PATHS = "\"SwiftUI_test_app/Preview Content\"";
				DEVELOPMENT_TEAM = EZZDW8SBPA;
				ENABLE_PREVIEWS = YES;
				INFOPLIST_FILE = SwiftUI_test_app/Info.plist;
				LD_RUNPATH_SEARCH_PATHS = (
					"$(inherited)",
					"@executable_path/Frameworks",
				);
				PRODUCT_BUNDLE_IDENTIFIER = "my.SwiftUI-test-app";
				PRODUCT_NAME = "$(TARGET_NAME)";
				SWIFT_VERSION = 5.0;
				TARGETED_DEVICE_FAMILY = "1,2";
			};
			name = Release;
		};
/* End XCBuildConfiguration section */

/* Begin XCConfigurationList section */
		047199CC24C846FB009F5451 /* Build configuration list for PBXProject "SwiftUI_test_app" */ = {
			isa = XCConfigurationList;
			buildConfigurations = (
				047199E324C846FE009F5451 /* Debug */,
				047199E424C846FE009F5451 /* Release */,
			);
			defaultConfigurationIsVisible = 0;
			defaultConfigurationName = Release;
		};
		047199E524C846FE009F5451 /* Build configuration list for PBXNativeTarget "SwiftUI_test_app" */ = {
			isa = XCConfigurationList;
			buildConfigurations = (
				047199E624C846FE009F5451 /* Debug */,
				047199E724C846FE009F5451 /* Release */,
			);
			defaultConfigurationIsVisible = 0;
			defaultConfigurationName = Release;
		};
/* End XCConfigurationList section */
	};
	rootObject = 047199C924C846FB009F5451 /* Project object */;
}
